// !$*UTF8*$!
{
	archiveVersion = 1;
	classes = {
	};
	objectVersion = 50;
	objects = {

/* Begin PBXBuildFile section */
		261BDD775DFBB5034FEF92CC /* Pods_bluescapeShare.framework in Frameworks */ = {isa = PBXBuildFile; fileRef = 228520142D8FA1599365856D /* Pods_bluescapeShare.framework */; };
		368EA2202DD3C11B6FB2D385 /* Pods_bluescapeShareExtension.framework in Frameworks */ = {isa = PBXBuildFile; fileRef = F7AEC0FC8162764F70C3A5D6 /* Pods_bluescapeShareExtension.framework */; };
		DA35DC4E23355D3100A8B6B9 /* background-01.png in Resources */ = {isa = PBXBuildFile; fileRef = DA35DC4D23355D3100A8B6B9 /* background-01.png */; };
		DA35DC5223355F7300A8B6B9 /* APIKeys.swift in Sources */ = {isa = PBXBuildFile; fileRef = DA35DC5123355F7300A8B6B9 /* APIKeys.swift */; };
		DA3F2D4D233540C80039E23F /* AppDelegate.swift in Sources */ = {isa = PBXBuildFile; fileRef = DA3F2D4C233540C80039E23F /* AppDelegate.swift */; };
		DA3F2D4F233540C80039E23F /* ViewController.swift in Sources */ = {isa = PBXBuildFile; fileRef = DA3F2D4E233540C80039E23F /* ViewController.swift */; };
		DA3F2D52233540C80039E23F /* Main.storyboard in Resources */ = {isa = PBXBuildFile; fileRef = DA3F2D50233540C80039E23F /* Main.storyboard */; };
		DA3F2D54233540C80039E23F /* Assets.xcassets in Resources */ = {isa = PBXBuildFile; fileRef = DA3F2D53233540C80039E23F /* Assets.xcassets */; };
		DA3F2D57233540C80039E23F /* LaunchScreen.storyboard in Resources */ = {isa = PBXBuildFile; fileRef = DA3F2D55233540C80039E23F /* LaunchScreen.storyboard */; };
		DA3F2D5F233541C30039E23F /* ImageCollectionCell.swift in Sources */ = {isa = PBXBuildFile; fileRef = DA3F2D5E233541C30039E23F /* ImageCollectionCell.swift */; };
		DA3F2D612335436A0039E23F /* CellModel.swift in Sources */ = {isa = PBXBuildFile; fileRef = DA3F2D602335436A0039E23F /* CellModel.swift */; };
		DA3F2D69233546EB0039E23F /* ShareViewController.swift in Sources */ = {isa = PBXBuildFile; fileRef = DA3F2D68233546EB0039E23F /* ShareViewController.swift */; };
		DA3F2D6C233546EB0039E23F /* MainInterface.storyboard in Resources */ = {isa = PBXBuildFile; fileRef = DA3F2D6A233546EB0039E23F /* MainInterface.storyboard */; };
		DA3F2D70233546EB0039E23F /* bluescapeShareExtension.appex in Embed App Extensions */ = {isa = PBXBuildFile; fileRef = DA3F2D66233546EB0039E23F /* bluescapeShareExtension.appex */; settings = {ATTRIBUTES = (RemoveHeadersOnCopy, ); }; };
		DA3F2D78233547FD0039E23F /* ShareImageCollectionCell.swift in Sources */ = {isa = PBXBuildFile; fileRef = DA3F2D77233547FD0039E23F /* ShareImageCollectionCell.swift */; };
		DA3F2D7A2335578B0039E23F /* .gitignore in Resources */ = {isa = PBXBuildFile; fileRef = DA3F2D792335578B0039E23F /* .gitignore */; };
		DA3F2D7C233557D30039E23F /* BluescapeAPITargets.swift in Sources */ = {isa = PBXBuildFile; fileRef = DA3F2D7B233557D30039E23F /* BluescapeAPITargets.swift */; };
		DA6FEFA3233A3BE0001650CE /* CanvasImage.swift in Sources */ = {isa = PBXBuildFile; fileRef = DA6FEFA2233A3BE0001650CE /* CanvasImage.swift */; };
		DA6FEFA7233A4615001650CE /* Image.json in Resources */ = {isa = PBXBuildFile; fileRef = DA6FEFA6233A4615001650CE /* Image.json */; };
		DAAD176E23391AC200DC842F /* StorageItems.swift in Sources */ = {isa = PBXBuildFile; fileRef = DAAD176D23391AC200DC842F /* StorageItems.swift */; };
		DAAD1770233930E600DC842F /* Canvas.swift in Sources */ = {isa = PBXBuildFile; fileRef = DAAD176F233930E600DC842F /* Canvas.swift */; };
		DAAD1773233956A100DC842F /* Canvases.json in Resources */ = {isa = PBXBuildFile; fileRef = DAAD1772233956A100DC842F /* Canvases.json */; };
		DAAD17752339577600DC842F /* BluescapeAPITesting.swift in Sources */ = {isa = PBXBuildFile; fileRef = DAAD17742339577600DC842F /* BluescapeAPITesting.swift */; };
		DAAD177723395D3200DC842F /* APITargetProtocol.swift in Sources */ = {isa = PBXBuildFile; fileRef = DAAD177623395D3200DC842F /* APITargetProtocol.swift */; };
		DAAD177923395EC300DC842F /* NetworkManager.swift in Sources */ = {isa = PBXBuildFile; fileRef = DAAD177823395EC300DC842F /* NetworkManager.swift */; };
		DACFE0E4233B925D00A6168C /* StorageItems.swift in Sources */ = {isa = PBXBuildFile; fileRef = DACFE0E3233B925D00A6168C /* StorageItems.swift */; };
		DACFE0E6233BB2D900A6168C /* Text.json in Resources */ = {isa = PBXBuildFile; fileRef = DACFE0E5233BB2D900A6168C /* Text.json */; };
		DACFE0E8233BB31B00A6168C /* CanvasText.swift in Sources */ = {isa = PBXBuildFile; fileRef = DACFE0E7233BB31B00A6168C /* CanvasText.swift */; };
		DAFF82AC233BE1F500E4D1D1 /* MoleskineStyles.swift in Sources */ = {isa = PBXBuildFile; fileRef = DAFF82AB233BE1F500E4D1D1 /* MoleskineStyles.swift */; };
/* End PBXBuildFile section */

/* Begin PBXContainerItemProxy section */
		DA3F2D6E233546EB0039E23F /* PBXContainerItemProxy */ = {
			isa = PBXContainerItemProxy;
			containerPortal = DA3F2D41233540C80039E23F /* Project object */;
			proxyType = 1;
			remoteGlobalIDString = DA3F2D65233546EB0039E23F;
			remoteInfo = bluescapeShareExtension;
		};
/* End PBXContainerItemProxy section */

/* Begin PBXCopyFilesBuildPhase section */
		DA3F2D74233546EB0039E23F /* Embed App Extensions */ = {
			isa = PBXCopyFilesBuildPhase;
			buildActionMask = 2147483647;
			dstPath = "";
			dstSubfolderSpec = 13;
			files = (
				DA3F2D70233546EB0039E23F /* bluescapeShareExtension.appex in Embed App Extensions */,
			);
			name = "Embed App Extensions";
			runOnlyForDeploymentPostprocessing = 0;
		};
/* End PBXCopyFilesBuildPhase section */

/* Begin PBXFileReference section */
		228520142D8FA1599365856D /* Pods_bluescapeShare.framework */ = {isa = PBXFileReference; explicitFileType = wrapper.framework; includeInIndex = 0; path = Pods_bluescapeShare.framework; sourceTree = BUILT_PRODUCTS_DIR; };
		3663935DEAE37DE7C6FB628B /* Pods-bluescapeShare.debug.xcconfig */ = {isa = PBXFileReference; includeInIndex = 1; lastKnownFileType = text.xcconfig; name = "Pods-bluescapeShare.debug.xcconfig"; path = "Pods/Target Support Files/Pods-bluescapeShare/Pods-bluescapeShare.debug.xcconfig"; sourceTree = "<group>"; };
		3BC46CB196E8ECDB1EFD4B3A /* Pods-bluescapeShareExtension.debug.xcconfig */ = {isa = PBXFileReference; includeInIndex = 1; lastKnownFileType = text.xcconfig; name = "Pods-bluescapeShareExtension.debug.xcconfig"; path = "Pods/Target Support Files/Pods-bluescapeShareExtension/Pods-bluescapeShareExtension.debug.xcconfig"; sourceTree = "<group>"; };
		690A2D4978B0CC6CD0201F07 /* Pods-bluescapeShare.release.xcconfig */ = {isa = PBXFileReference; includeInIndex = 1; lastKnownFileType = text.xcconfig; name = "Pods-bluescapeShare.release.xcconfig"; path = "Pods/Target Support Files/Pods-bluescapeShare/Pods-bluescapeShare.release.xcconfig"; sourceTree = "<group>"; };
		6E2798AE0C0943B7F952BF6A /* Pods-bluescapeShareExtension.release.xcconfig */ = {isa = PBXFileReference; includeInIndex = 1; lastKnownFileType = text.xcconfig; name = "Pods-bluescapeShareExtension.release.xcconfig"; path = "Pods/Target Support Files/Pods-bluescapeShareExtension/Pods-bluescapeShareExtension.release.xcconfig"; sourceTree = "<group>"; };
		DA35DC4D23355D3100A8B6B9 /* background-01.png */ = {isa = PBXFileReference; lastKnownFileType = image.png; path = "background-01.png"; sourceTree = "<group>"; };
		DA35DC5123355F7300A8B6B9 /* APIKeys.swift */ = {isa = PBXFileReference; lastKnownFileType = sourcecode.swift; path = APIKeys.swift; sourceTree = "<group>"; };
		DA3F2D49233540C80039E23F /* bluescapeShare.app */ = {isa = PBXFileReference; explicitFileType = wrapper.application; includeInIndex = 0; path = bluescapeShare.app; sourceTree = BUILT_PRODUCTS_DIR; };
		DA3F2D4C233540C80039E23F /* AppDelegate.swift */ = {isa = PBXFileReference; lastKnownFileType = sourcecode.swift; path = AppDelegate.swift; sourceTree = "<group>"; };
		DA3F2D4E233540C80039E23F /* ViewController.swift */ = {isa = PBXFileReference; lastKnownFileType = sourcecode.swift; path = ViewController.swift; sourceTree = "<group>"; };
		DA3F2D51233540C80039E23F /* Base */ = {isa = PBXFileReference; lastKnownFileType = file.storyboard; name = Base; path = Base.lproj/Main.storyboard; sourceTree = "<group>"; };
		DA3F2D53233540C80039E23F /* Assets.xcassets */ = {isa = PBXFileReference; lastKnownFileType = folder.assetcatalog; path = Assets.xcassets; sourceTree = "<group>"; };
		DA3F2D56233540C80039E23F /* Base */ = {isa = PBXFileReference; lastKnownFileType = file.storyboard; name = Base; path = Base.lproj/LaunchScreen.storyboard; sourceTree = "<group>"; };
		DA3F2D58233540C80039E23F /* Info.plist */ = {isa = PBXFileReference; lastKnownFileType = text.plist.xml; path = Info.plist; sourceTree = "<group>"; };
		DA3F2D5E233541C30039E23F /* ImageCollectionCell.swift */ = {isa = PBXFileReference; lastKnownFileType = sourcecode.swift; path = ImageCollectionCell.swift; sourceTree = "<group>"; };
		DA3F2D602335436A0039E23F /* CellModel.swift */ = {isa = PBXFileReference; lastKnownFileType = sourcecode.swift; path = CellModel.swift; sourceTree = "<group>"; };
		DA3F2D66233546EB0039E23F /* bluescapeShareExtension.appex */ = {isa = PBXFileReference; explicitFileType = "wrapper.app-extension"; includeInIndex = 0; path = bluescapeShareExtension.appex; sourceTree = BUILT_PRODUCTS_DIR; };
		DA3F2D68233546EB0039E23F /* ShareViewController.swift */ = {isa = PBXFileReference; lastKnownFileType = sourcecode.swift; path = ShareViewController.swift; sourceTree = "<group>"; };
		DA3F2D6B233546EB0039E23F /* Base */ = {isa = PBXFileReference; lastKnownFileType = file.storyboard; name = Base; path = Base.lproj/MainInterface.storyboard; sourceTree = "<group>"; };
		DA3F2D6D233546EB0039E23F /* Info.plist */ = {isa = PBXFileReference; lastKnownFileType = text.plist.xml; path = Info.plist; sourceTree = "<group>"; };
		DA3F2D75233547000039E23F /* bluescapeShareExtension.entitlements */ = {isa = PBXFileReference; lastKnownFileType = text.plist.entitlements; path = bluescapeShareExtension.entitlements; sourceTree = "<group>"; };
		DA3F2D76233547230039E23F /* bluescapeShare.entitlements */ = {isa = PBXFileReference; lastKnownFileType = text.plist.entitlements; path = bluescapeShare.entitlements; sourceTree = "<group>"; };
		DA3F2D77233547FD0039E23F /* ShareImageCollectionCell.swift */ = {isa = PBXFileReference; lastKnownFileType = sourcecode.swift; path = ShareImageCollectionCell.swift; sourceTree = "<group>"; };
		DA3F2D792335578B0039E23F /* .gitignore */ = {isa = PBXFileReference; lastKnownFileType = text; path = .gitignore; sourceTree = "<group>"; };
		DA3F2D7B233557D30039E23F /* BluescapeAPITargets.swift */ = {isa = PBXFileReference; fileEncoding = 4; lastKnownFileType = sourcecode.swift; path = BluescapeAPITargets.swift; sourceTree = "<group>"; };
		DA6FEFA2233A3BE0001650CE /* CanvasImage.swift */ = {isa = PBXFileReference; lastKnownFileType = sourcecode.swift; path = CanvasImage.swift; sourceTree = "<group>"; };
		DA6FEFA6233A4615001650CE /* Image.json */ = {isa = PBXFileReference; lastKnownFileType = text.json; path = Image.json; sourceTree = "<group>"; };
		DAAD176D23391AC200DC842F /* StorageItems.swift */ = {isa = PBXFileReference; lastKnownFileType = sourcecode.swift; path = StorageItems.swift; sourceTree = "<group>"; };
		DAAD176F233930E600DC842F /* Canvas.swift */ = {isa = PBXFileReference; lastKnownFileType = sourcecode.swift; path = Canvas.swift; sourceTree = "<group>"; };
		DAAD1772233956A100DC842F /* Canvases.json */ = {isa = PBXFileReference; lastKnownFileType = text.json; path = Canvases.json; sourceTree = "<group>"; };
		DAAD17742339577600DC842F /* BluescapeAPITesting.swift */ = {isa = PBXFileReference; lastKnownFileType = sourcecode.swift; path = BluescapeAPITesting.swift; sourceTree = "<group>"; };
		DAAD177623395D3200DC842F /* APITargetProtocol.swift */ = {isa = PBXFileReference; lastKnownFileType = sourcecode.swift; path = APITargetProtocol.swift; sourceTree = "<group>"; };
		DAAD177823395EC300DC842F /* NetworkManager.swift */ = {isa = PBXFileReference; lastKnownFileType = sourcecode.swift; path = NetworkManager.swift; sourceTree = "<group>"; };
		DACFE0E3233B925D00A6168C /* StorageItems.swift */ = {isa = PBXFileReference; lastKnownFileType = sourcecode.swift; path = StorageItems.swift; sourceTree = "<group>"; };
		DACFE0E5233BB2D900A6168C /* Text.json */ = {isa = PBXFileReference; lastKnownFileType = text.json; path = Text.json; sourceTree = "<group>"; };
		DACFE0E7233BB31B00A6168C /* CanvasText.swift */ = {isa = PBXFileReference; lastKnownFileType = sourcecode.swift; path = CanvasText.swift; sourceTree = "<group>"; };
		DAFF82AB233BE1F500E4D1D1 /* MoleskineStyles.swift */ = {isa = PBXFileReference; lastKnownFileType = sourcecode.swift; path = MoleskineStyles.swift; sourceTree = "<group>"; };
		F7AEC0FC8162764F70C3A5D6 /* Pods_bluescapeShareExtension.framework */ = {isa = PBXFileReference; explicitFileType = wrapper.framework; includeInIndex = 0; path = Pods_bluescapeShareExtension.framework; sourceTree = BUILT_PRODUCTS_DIR; };
/* End PBXFileReference section */

/* Begin PBXFrameworksBuildPhase section */
		DA3F2D46233540C80039E23F /* Frameworks */ = {
			isa = PBXFrameworksBuildPhase;
			buildActionMask = 2147483647;
			files = (
				261BDD775DFBB5034FEF92CC /* Pods_bluescapeShare.framework in Frameworks */,
			);
			runOnlyForDeploymentPostprocessing = 0;
		};
		DA3F2D63233546EB0039E23F /* Frameworks */ = {
			isa = PBXFrameworksBuildPhase;
			buildActionMask = 2147483647;
			files = (
				368EA2202DD3C11B6FB2D385 /* Pods_bluescapeShareExtension.framework in Frameworks */,
			);
			runOnlyForDeploymentPostprocessing = 0;
		};
/* End PBXFrameworksBuildPhase section */

/* Begin PBXGroup section */
		DA3F2D40233540C80039E23F = {
			isa = PBXGroup;
			children = (
				DA3F2D792335578B0039E23F /* .gitignore */,
				DA3F2D4B233540C80039E23F /* bluescapeShare */,
				DA3F2D67233546EB0039E23F /* bluescapeShareExtension */,
				DA3F2D4A233540C80039E23F /* Products */,
				EAB80CC302A6C9760A5D0955 /* Pods */,
				F2A611081BBB8835A1C066E1 /* Frameworks */,
			);
			sourceTree = "<group>";
		};
		DA3F2D4A233540C80039E23F /* Products */ = {
			isa = PBXGroup;
			children = (
				DA3F2D49233540C80039E23F /* bluescapeShare.app */,
				DA3F2D66233546EB0039E23F /* bluescapeShareExtension.appex */,
			);
			name = Products;
			sourceTree = "<group>";
		};
		DA3F2D4B233540C80039E23F /* bluescapeShare */ = {
			isa = PBXGroup;
			children = (
				DAAD17712339566100DC842F /* Stubs */,
				DA35DC4D23355D3100A8B6B9 /* background-01.png */,
				DA3F2D7B233557D30039E23F /* BluescapeAPITargets.swift */,
				DA3F2D76233547230039E23F /* bluescapeShare.entitlements */,
				DA3F2D4C233540C80039E23F /* AppDelegate.swift */,
				DA3F2D4E233540C80039E23F /* ViewController.swift */,
				DA3F2D5E233541C30039E23F /* ImageCollectionCell.swift */,
				DA3F2D50233540C80039E23F /* Main.storyboard */,
				DA3F2D53233540C80039E23F /* Assets.xcassets */,
				DA3F2D55233540C80039E23F /* LaunchScreen.storyboard */,
				DA3F2D58233540C80039E23F /* Info.plist */,
				DA3F2D602335436A0039E23F /* CellModel.swift */,
				DA35DC5123355F7300A8B6B9 /* APIKeys.swift */,
				DAAD176D23391AC200DC842F /* StorageItems.swift */,
				DAAD17742339577600DC842F /* BluescapeAPITesting.swift */,
				DAAD177623395D3200DC842F /* APITargetProtocol.swift */,
				DAAD177823395EC300DC842F /* NetworkManager.swift */,
				DAAD176F233930E600DC842F /* Canvas.swift */,
				DACFE0E7233BB31B00A6168C /* CanvasText.swift */,
				DA6FEFA2233A3BE0001650CE /* CanvasImage.swift */,
				DAFF82AB233BE1F500E4D1D1 /* MoleskineStyles.swift */,
			);
			path = bluescapeShare;
			sourceTree = "<group>";
		};
		DA3F2D67233546EB0039E23F /* bluescapeShareExtension */ = {
			isa = PBXGroup;
			children = (
				DA3F2D75233547000039E23F /* bluescapeShareExtension.entitlements */,
				DA3F2D68233546EB0039E23F /* ShareViewController.swift */,
				DA3F2D6A233546EB0039E23F /* MainInterface.storyboard */,
				DA3F2D6D233546EB0039E23F /* Info.plist */,
				DA3F2D77233547FD0039E23F /* ShareImageCollectionCell.swift */,
				DACFE0E3233B925D00A6168C /* StorageItems.swift */,
			);
			path = bluescapeShareExtension;
			sourceTree = "<group>";
		};
		DAAD17712339566100DC842F /* Stubs */ = {
			isa = PBXGroup;
			children = (
				DAAD1772233956A100DC842F /* Canvases.json */,
				DA6FEFA6233A4615001650CE /* Image.json */,
				DACFE0E5233BB2D900A6168C /* Text.json */,
			);
			path = Stubs;
			sourceTree = "<group>";
		};
		EAB80CC302A6C9760A5D0955 /* Pods */ = {
			isa = PBXGroup;
			children = (
				3663935DEAE37DE7C6FB628B /* Pods-bluescapeShare.debug.xcconfig */,
				690A2D4978B0CC6CD0201F07 /* Pods-bluescapeShare.release.xcconfig */,
				3BC46CB196E8ECDB1EFD4B3A /* Pods-bluescapeShareExtension.debug.xcconfig */,
				6E2798AE0C0943B7F952BF6A /* Pods-bluescapeShareExtension.release.xcconfig */,
			);
			name = Pods;
			sourceTree = "<group>";
		};
		F2A611081BBB8835A1C066E1 /* Frameworks */ = {
			isa = PBXGroup;
			children = (
				228520142D8FA1599365856D /* Pods_bluescapeShare.framework */,
				F7AEC0FC8162764F70C3A5D6 /* Pods_bluescapeShareExtension.framework */,
			);
			name = Frameworks;
			sourceTree = "<group>";
		};
/* End PBXGroup section */

/* Begin PBXNativeTarget section */
		DA3F2D48233540C80039E23F /* bluescapeShare */ = {
			isa = PBXNativeTarget;
			buildConfigurationList = DA3F2D5B233540C80039E23F /* Build configuration list for PBXNativeTarget "bluescapeShare" */;
			buildPhases = (
				DA88B0AF744892A8FE0CCF06 /* [CP] Check Pods Manifest.lock */,
				DA3F2D45233540C80039E23F /* Sources */,
				DA3F2D46233540C80039E23F /* Frameworks */,
				DA3F2D47233540C80039E23F /* Resources */,
				DA3F2D74233546EB0039E23F /* Embed App Extensions */,
				FAC4726E810AEAD7A1ECF752 /* [CP] Embed Pods Frameworks */,
			);
			buildRules = (
			);
			dependencies = (
				DA3F2D6F233546EB0039E23F /* PBXTargetDependency */,
			);
			name = bluescapeShare;
			productName = bluescapeShare;
			productReference = DA3F2D49233540C80039E23F /* bluescapeShare.app */;
			productType = "com.apple.product-type.application";
		};
		DA3F2D65233546EB0039E23F /* bluescapeShareExtension */ = {
			isa = PBXNativeTarget;
			buildConfigurationList = DA3F2D71233546EB0039E23F /* Build configuration list for PBXNativeTarget "bluescapeShareExtension" */;
			buildPhases = (
				F51365898D46E33DBD2CAB1B /* [CP] Check Pods Manifest.lock */,
				DA3F2D62233546EB0039E23F /* Sources */,
				DA3F2D63233546EB0039E23F /* Frameworks */,
				DA3F2D64233546EB0039E23F /* Resources */,
			);
			buildRules = (
			);
			dependencies = (
			);
			name = bluescapeShareExtension;
			productName = bluescapeShareExtension;
			productReference = DA3F2D66233546EB0039E23F /* bluescapeShareExtension.appex */;
			productType = "com.apple.product-type.app-extension";
		};
/* End PBXNativeTarget section */

/* Begin PBXProject section */
		DA3F2D41233540C80039E23F /* Project object */ = {
			isa = PBXProject;
			attributes = {
				LastSwiftUpdateCheck = 1030;
				LastUpgradeCheck = 1030;
				ORGANIZATIONNAME = "Gabriel Walsh";
				TargetAttributes = {
					DA3F2D48233540C80039E23F = {
						CreatedOnToolsVersion = 10.3;
						SystemCapabilities = {
							com.apple.ApplicationGroups.iOS = {
								enabled = 1;
							};
						};
					};
					DA3F2D65233546EB0039E23F = {
						CreatedOnToolsVersion = 10.3;
						SystemCapabilities = {
							com.apple.ApplicationGroups.iOS = {
								enabled = 1;
							};
						};
					};
				};
			};
			buildConfigurationList = DA3F2D44233540C80039E23F /* Build configuration list for PBXProject "bluescapeShare" */;
			compatibilityVersion = "Xcode 9.3";
			developmentRegion = en;
			hasScannedForEncodings = 0;
			knownRegions = (
				en,
				Base,
			);
			mainGroup = DA3F2D40233540C80039E23F;
			productRefGroup = DA3F2D4A233540C80039E23F /* Products */;
			projectDirPath = "";
			projectRoot = "";
			targets = (
				DA3F2D48233540C80039E23F /* bluescapeShare */,
				DA3F2D65233546EB0039E23F /* bluescapeShareExtension */,
			);
		};
/* End PBXProject section */

/* Begin PBXResourcesBuildPhase section */
		DA3F2D47233540C80039E23F /* Resources */ = {
			isa = PBXResourcesBuildPhase;
			buildActionMask = 2147483647;
			files = (
				DA6FEFA7233A4615001650CE /* Image.json in Resources */,
				DA3F2D57233540C80039E23F /* LaunchScreen.storyboard in Resources */,
				DA3F2D54233540C80039E23F /* Assets.xcassets in Resources */,
				DAAD1773233956A100DC842F /* Canvases.json in Resources */,
				DA35DC4E23355D3100A8B6B9 /* background-01.png in Resources */,
				DACFE0E6233BB2D900A6168C /* Text.json in Resources */,
				DA3F2D52233540C80039E23F /* Main.storyboard in Resources */,
			);
			runOnlyForDeploymentPostprocessing = 0;
		};
		DA3F2D64233546EB0039E23F /* Resources */ = {
			isa = PBXResourcesBuildPhase;
			buildActionMask = 2147483647;
			files = (
				DA3F2D7A2335578B0039E23F /* .gitignore in Resources */,
				DA3F2D6C233546EB0039E23F /* MainInterface.storyboard in Resources */,
			);
			runOnlyForDeploymentPostprocessing = 0;
		};
/* End PBXResourcesBuildPhase section */

/* Begin PBXShellScriptBuildPhase section */
		DA88B0AF744892A8FE0CCF06 /* [CP] Check Pods Manifest.lock */ = {
			isa = PBXShellScriptBuildPhase;
			buildActionMask = 2147483647;
			files = (
			);
			inputFileListPaths = (
			);
			inputPaths = (
				"${PODS_PODFILE_DIR_PATH}/Podfile.lock",
				"${PODS_ROOT}/Manifest.lock",
			);
			name = "[CP] Check Pods Manifest.lock";
			outputFileListPaths = (
			);
			outputPaths = (
				"$(DERIVED_FILE_DIR)/Pods-bluescapeShare-checkManifestLockResult.txt",
			);
			runOnlyForDeploymentPostprocessing = 0;
			shellPath = /bin/sh;
			shellScript = "diff \"${PODS_PODFILE_DIR_PATH}/Podfile.lock\" \"${PODS_ROOT}/Manifest.lock\" > /dev/null\nif [ $? != 0 ] ; then\n    # print error to STDERR\n    echo \"error: The sandbox is not in sync with the Podfile.lock. Run 'pod install' or update your CocoaPods installation.\" >&2\n    exit 1\nfi\n# This output is used by Xcode 'outputs' to avoid re-running this script phase.\necho \"SUCCESS\" > \"${SCRIPT_OUTPUT_FILE_0}\"\n";
			showEnvVarsInLog = 0;
		};
		F51365898D46E33DBD2CAB1B /* [CP] Check Pods Manifest.lock */ = {
			isa = PBXShellScriptBuildPhase;
			buildActionMask = 2147483647;
			files = (
			);
			inputFileListPaths = (
			);
			inputPaths = (
				"${PODS_PODFILE_DIR_PATH}/Podfile.lock",
				"${PODS_ROOT}/Manifest.lock",
			);
			name = "[CP] Check Pods Manifest.lock";
			outputFileListPaths = (
			);
			outputPaths = (
				"$(DERIVED_FILE_DIR)/Pods-bluescapeShareExtension-checkManifestLockResult.txt",
			);
			runOnlyForDeploymentPostprocessing = 0;
			shellPath = /bin/sh;
			shellScript = "diff \"${PODS_PODFILE_DIR_PATH}/Podfile.lock\" \"${PODS_ROOT}/Manifest.lock\" > /dev/null\nif [ $? != 0 ] ; then\n    # print error to STDERR\n    echo \"error: The sandbox is not in sync with the Podfile.lock. Run 'pod install' or update your CocoaPods installation.\" >&2\n    exit 1\nfi\n# This output is used by Xcode 'outputs' to avoid re-running this script phase.\necho \"SUCCESS\" > \"${SCRIPT_OUTPUT_FILE_0}\"\n";
			showEnvVarsInLog = 0;
		};
		FAC4726E810AEAD7A1ECF752 /* [CP] Embed Pods Frameworks */ = {
			isa = PBXShellScriptBuildPhase;
			buildActionMask = 2147483647;
			files = (
			);
			inputFileListPaths = (
			);
			inputPaths = (
				"${SRCROOT}/Pods/Target Support Files/Pods-bluescapeShare/Pods-bluescapeShare-frameworks.sh",
				"${BUILT_PRODUCTS_DIR}/Alamofire/Alamofire.framework",
				"${BUILT_PRODUCTS_DIR}/Moya/Moya.framework",
				"${BUILT_PRODUCTS_DIR}/Result/Result.framework",
			);
			name = "[CP] Embed Pods Frameworks";
			outputFileListPaths = (
			);
			outputPaths = (
				"${TARGET_BUILD_DIR}/${FRAMEWORKS_FOLDER_PATH}/Alamofire.framework",
				"${TARGET_BUILD_DIR}/${FRAMEWORKS_FOLDER_PATH}/Moya.framework",
				"${TARGET_BUILD_DIR}/${FRAMEWORKS_FOLDER_PATH}/Result.framework",
			);
			runOnlyForDeploymentPostprocessing = 0;
			shellPath = /bin/sh;
			shellScript = "\"${SRCROOT}/Pods/Target Support Files/Pods-bluescapeShare/Pods-bluescapeShare-frameworks.sh\"\n";
			showEnvVarsInLog = 0;
		};
/* End PBXShellScriptBuildPhase section */

/* Begin PBXSourcesBuildPhase section */
		DA3F2D45233540C80039E23F /* Sources */ = {
			isa = PBXSourcesBuildPhase;
			buildActionMask = 2147483647;
			files = (
				DA3F2D4F233540C80039E23F /* ViewController.swift in Sources */,
				DAAD17752339577600DC842F /* BluescapeAPITesting.swift in Sources */,
				DAAD176E23391AC200DC842F /* StorageItems.swift in Sources */,
				DA35DC5223355F7300A8B6B9 /* APIKeys.swift in Sources */,
				DAAD177923395EC300DC842F /* NetworkManager.swift in Sources */,
				DAFF82AC233BE1F500E4D1D1 /* MoleskineStyles.swift in Sources */,
				DAAD1770233930E600DC842F /* Canvas.swift in Sources */,
				DA3F2D5F233541C30039E23F /* ImageCollectionCell.swift in Sources */,
				DA6FEFA3233A3BE0001650CE /* CanvasImage.swift in Sources */,
				DA3F2D7C233557D30039E23F /* BluescapeAPITargets.swift in Sources */,
				DACFE0E8233BB31B00A6168C /* CanvasText.swift in Sources */,
				DA3F2D4D233540C80039E23F /* AppDelegate.swift in Sources */,
				DA3F2D612335436A0039E23F /* CellModel.swift in Sources */,
				DAAD177723395D3200DC842F /* APITargetProtocol.swift in Sources */,
			);
			runOnlyForDeploymentPostprocessing = 0;
		};
		DA3F2D62233546EB0039E23F /* Sources */ = {
			isa = PBXSourcesBuildPhase;
			buildActionMask = 2147483647;
			files = (
				DA3F2D69233546EB0039E23F /* ShareViewController.swift in Sources */,
				DA3F2D78233547FD0039E23F /* ShareImageCollectionCell.swift in Sources */,
				DACFE0E4233B925D00A6168C /* StorageItems.swift in Sources */,
			);
			runOnlyForDeploymentPostprocessing = 0;
		};
/* End PBXSourcesBuildPhase section */

/* Begin PBXTargetDependency section */
		DA3F2D6F233546EB0039E23F /* PBXTargetDependency */ = {
			isa = PBXTargetDependency;
			target = DA3F2D65233546EB0039E23F /* bluescapeShareExtension */;
			targetProxy = DA3F2D6E233546EB0039E23F /* PBXContainerItemProxy */;
		};
/* End PBXTargetDependency section */

/* Begin PBXVariantGroup section */
		DA3F2D50233540C80039E23F /* Main.storyboard */ = {
			isa = PBXVariantGroup;
			children = (
				DA3F2D51233540C80039E23F /* Base */,
			);
			name = Main.storyboard;
			sourceTree = "<group>";
		};
		DA3F2D55233540C80039E23F /* LaunchScreen.storyboard */ = {
			isa = PBXVariantGroup;
			children = (
				DA3F2D56233540C80039E23F /* Base */,
			);
			name = LaunchScreen.storyboard;
			sourceTree = "<group>";
		};
		DA3F2D6A233546EB0039E23F /* MainInterface.storyboard */ = {
			isa = PBXVariantGroup;
			children = (
				DA3F2D6B233546EB0039E23F /* Base */,
			);
			name = MainInterface.storyboard;
			sourceTree = "<group>";
		};
/* End PBXVariantGroup section */

/* Begin XCBuildConfiguration section */
		DA3F2D59233540C80039E23F /* Debug */ = {
			isa = XCBuildConfiguration;
			buildSettings = {
				ALWAYS_SEARCH_USER_PATHS = NO;
				CLANG_ANALYZER_NONNULL = YES;
				CLANG_ANALYZER_NUMBER_OBJECT_CONVERSION = YES_AGGRESSIVE;
				CLANG_CXX_LANGUAGE_STANDARD = "gnu++14";
				CLANG_CXX_LIBRARY = "libc++";
				CLANG_ENABLE_MODULES = YES;
				CLANG_ENABLE_OBJC_ARC = YES;
				CLANG_ENABLE_OBJC_WEAK = YES;
				CLANG_WARN_BLOCK_CAPTURE_AUTORELEASING = YES;
				CLANG_WARN_BOOL_CONVERSION = YES;
				CLANG_WARN_COMMA = YES;
				CLANG_WARN_CONSTANT_CONVERSION = YES;
				CLANG_WARN_DEPRECATED_OBJC_IMPLEMENTATIONS = YES;
				CLANG_WARN_DIRECT_OBJC_ISA_USAGE = YES_ERROR;
				CLANG_WARN_DOCUMENTATION_COMMENTS = YES;
				CLANG_WARN_EMPTY_BODY = YES;
				CLANG_WARN_ENUM_CONVERSION = YES;
				CLANG_WARN_INFINITE_RECURSION = YES;
				CLANG_WARN_INT_CONVERSION = YES;
				CLANG_WARN_NON_LITERAL_NULL_CONVERSION = YES;
				CLANG_WARN_OBJC_IMPLICIT_RETAIN_SELF = YES;
				CLANG_WARN_OBJC_LITERAL_CONVERSION = YES;
				CLANG_WARN_OBJC_ROOT_CLASS = YES_ERROR;
				CLANG_WARN_RANGE_LOOP_ANALYSIS = YES;
				CLANG_WARN_STRICT_PROTOTYPES = YES;
				CLANG_WARN_SUSPICIOUS_MOVE = YES;
				CLANG_WARN_UNGUARDED_AVAILABILITY = YES_AGGRESSIVE;
				CLANG_WARN_UNREACHABLE_CODE = YES;
				CLANG_WARN__DUPLICATE_METHOD_MATCH = YES;
				CODE_SIGN_IDENTITY = "iPhone Developer";
				COPY_PHASE_STRIP = NO;
				DEBUG_INFORMATION_FORMAT = dwarf;
				ENABLE_STRICT_OBJC_MSGSEND = YES;
				ENABLE_TESTABILITY = YES;
				GCC_C_LANGUAGE_STANDARD = gnu11;
				GCC_DYNAMIC_NO_PIC = NO;
				GCC_NO_COMMON_BLOCKS = YES;
				GCC_OPTIMIZATION_LEVEL = 0;
				GCC_PREPROCESSOR_DEFINITIONS = (
					"DEBUG=1",
					"$(inherited)",
				);
				GCC_WARN_64_TO_32_BIT_CONVERSION = YES;
				GCC_WARN_ABOUT_RETURN_TYPE = YES_ERROR;
				GCC_WARN_UNDECLARED_SELECTOR = YES;
				GCC_WARN_UNINITIALIZED_AUTOS = YES_AGGRESSIVE;
				GCC_WARN_UNUSED_FUNCTION = YES;
				GCC_WARN_UNUSED_VARIABLE = YES;
				IPHONEOS_DEPLOYMENT_TARGET = 12.4;
				MTL_ENABLE_DEBUG_INFO = INCLUDE_SOURCE;
				MTL_FAST_MATH = YES;
				ONLY_ACTIVE_ARCH = YES;
				SDKROOT = iphoneos;
				SWIFT_ACTIVE_COMPILATION_CONDITIONS = DEBUG;
				SWIFT_OPTIMIZATION_LEVEL = "-Onone";
			};
			name = Debug;
		};
		DA3F2D5A233540C80039E23F /* Release */ = {
			isa = XCBuildConfiguration;
			buildSettings = {
				ALWAYS_SEARCH_USER_PATHS = NO;
				CLANG_ANALYZER_NONNULL = YES;
				CLANG_ANALYZER_NUMBER_OBJECT_CONVERSION = YES_AGGRESSIVE;
				CLANG_CXX_LANGUAGE_STANDARD = "gnu++14";
				CLANG_CXX_LIBRARY = "libc++";
				CLANG_ENABLE_MODULES = YES;
				CLANG_ENABLE_OBJC_ARC = YES;
				CLANG_ENABLE_OBJC_WEAK = YES;
				CLANG_WARN_BLOCK_CAPTURE_AUTORELEASING = YES;
				CLANG_WARN_BOOL_CONVERSION = YES;
				CLANG_WARN_COMMA = YES;
				CLANG_WARN_CONSTANT_CONVERSION = YES;
				CLANG_WARN_DEPRECATED_OBJC_IMPLEMENTATIONS = YES;
				CLANG_WARN_DIRECT_OBJC_ISA_USAGE = YES_ERROR;
				CLANG_WARN_DOCUMENTATION_COMMENTS = YES;
				CLANG_WARN_EMPTY_BODY = YES;
				CLANG_WARN_ENUM_CONVERSION = YES;
				CLANG_WARN_INFINITE_RECURSION = YES;
				CLANG_WARN_INT_CONVERSION = YES;
				CLANG_WARN_NON_LITERAL_NULL_CONVERSION = YES;
				CLANG_WARN_OBJC_IMPLICIT_RETAIN_SELF = YES;
				CLANG_WARN_OBJC_LITERAL_CONVERSION = YES;
				CLANG_WARN_OBJC_ROOT_CLASS = YES_ERROR;
				CLANG_WARN_RANGE_LOOP_ANALYSIS = YES;
				CLANG_WARN_STRICT_PROTOTYPES = YES;
				CLANG_WARN_SUSPICIOUS_MOVE = YES;
				CLANG_WARN_UNGUARDED_AVAILABILITY = YES_AGGRESSIVE;
				CLANG_WARN_UNREACHABLE_CODE = YES;
				CLANG_WARN__DUPLICATE_METHOD_MATCH = YES;
				CODE_SIGN_IDENTITY = "iPhone Developer";
				COPY_PHASE_STRIP = NO;
				DEBUG_INFORMATION_FORMAT = "dwarf-with-dsym";
				ENABLE_NS_ASSERTIONS = NO;
				ENABLE_STRICT_OBJC_MSGSEND = YES;
				GCC_C_LANGUAGE_STANDARD = gnu11;
				GCC_NO_COMMON_BLOCKS = YES;
				GCC_WARN_64_TO_32_BIT_CONVERSION = YES;
				GCC_WARN_ABOUT_RETURN_TYPE = YES_ERROR;
				GCC_WARN_UNDECLARED_SELECTOR = YES;
				GCC_WARN_UNINITIALIZED_AUTOS = YES_AGGRESSIVE;
				GCC_WARN_UNUSED_FUNCTION = YES;
				GCC_WARN_UNUSED_VARIABLE = YES;
				IPHONEOS_DEPLOYMENT_TARGET = 12.4;
				MTL_ENABLE_DEBUG_INFO = NO;
				MTL_FAST_MATH = YES;
				SDKROOT = iphoneos;
				SWIFT_COMPILATION_MODE = wholemodule;
				SWIFT_OPTIMIZATION_LEVEL = "-O";
				VALIDATE_PRODUCT = YES;
			};
			name = Release;
		};
		DA3F2D5C233540C80039E23F /* Debug */ = {
			isa = XCBuildConfiguration;
			baseConfigurationReference = 3663935DEAE37DE7C6FB628B /* Pods-bluescapeShare.debug.xcconfig */;
			buildSettings = {
				ALWAYS_EMBED_SWIFT_STANDARD_LIBRARIES = YES;
				ASSETCATALOG_COMPILER_APPICON_NAME = AppIcon;
				CODE_SIGN_ENTITLEMENTS = bluescapeShare/bluescapeShare.entitlements;
				CODE_SIGN_STYLE = Automatic;
				DEVELOPMENT_TEAM = A3QT3RRV5J;
				INFOPLIST_FILE = bluescapeShare/Info.plist;
				LD_RUNPATH_SEARCH_PATHS = (
					"$(inherited)",
					"@executable_path/Frameworks",
				);
				PRODUCT_BUNDLE_IDENTIFIER = com.brotherclone.bluescapeShare;
				PRODUCT_NAME = "$(TARGET_NAME)";
				SWIFT_VERSION = 5.0;
				TARGETED_DEVICE_FAMILY = "1,2";
			};
			name = Debug;
		};
		DA3F2D5D233540C80039E23F /* Release */ = {
			isa = XCBuildConfiguration;
			baseConfigurationReference = 690A2D4978B0CC6CD0201F07 /* Pods-bluescapeShare.release.xcconfig */;
			buildSettings = {
				ALWAYS_EMBED_SWIFT_STANDARD_LIBRARIES = YES;
				ASSETCATALOG_COMPILER_APPICON_NAME = AppIcon;
				CODE_SIGN_ENTITLEMENTS = bluescapeShare/bluescapeShare.entitlements;
				CODE_SIGN_STYLE = Automatic;
				DEVELOPMENT_TEAM = A3QT3RRV5J;
				INFOPLIST_FILE = bluescapeShare/Info.plist;
				LD_RUNPATH_SEARCH_PATHS = (
					"$(inherited)",
					"@executable_path/Frameworks",
				);
				PRODUCT_BUNDLE_IDENTIFIER = com.brotherclone.bluescapeShare;
				PRODUCT_NAME = "$(TARGET_NAME)";
				SWIFT_VERSION = 5.0;
				TARGETED_DEVICE_FAMILY = "1,2";
			};
			name = Release;
		};
		DA3F2D72233546EB0039E23F /* Debug */ = {
			isa = XCBuildConfiguration;
			baseConfigurationReference = 3BC46CB196E8ECDB1EFD4B3A /* Pods-bluescapeShareExtension.debug.xcconfig */;
			buildSettings = {
				CODE_SIGN_ENTITLEMENTS = bluescapeShareExtension/bluescapeShareExtension.entitlements;
				CODE_SIGN_STYLE = Automatic;
				DEVELOPMENT_TEAM = A3QT3RRV5J;
				INFOPLIST_FILE = bluescapeShareExtension/Info.plist;
				LD_RUNPATH_SEARCH_PATHS = (
					"$(inherited)",
					"@executable_path/Frameworks",
					"@executable_path/../../Frameworks",
				);
				PRODUCT_BUNDLE_IDENTIFIER = com.brotherclone.bluescapeShare.bluescapeShareExtension;
				PRODUCT_NAME = "$(TARGET_NAME)";
				SKIP_INSTALL = YES;
				SWIFT_VERSION = 5.0;
				TARGETED_DEVICE_FAMILY = "1,2";
			};
			name = Debug;
		};
		DA3F2D73233546EB0039E23F /* Release */ = {
			isa = XCBuildConfiguration;
			baseConfigurationReference = 6E2798AE0C0943B7F952BF6A /* Pods-bluescapeShareExtension.release.xcconfig */;
			buildSettings = {
				CODE_SIGN_ENTITLEMENTS = bluescapeShareExtension/bluescapeShareExtension.entitlements;
				CODE_SIGN_STYLE = Automatic;
				DEVELOPMENT_TEAM = A3QT3RRV5J;
				INFOPLIST_FILE = bluescapeShareExtension/Info.plist;
				LD_RUNPATH_SEARCH_PATHS = (
					"$(inherited)",
					"@executable_path/Frameworks",
					"@executable_path/../../Frameworks",
				);
				PRODUCT_BUNDLE_IDENTIFIER = com.brotherclone.bluescapeShare.bluescapeShareExtension;
				PRODUCT_NAME = "$(TARGET_NAME)";
				SKIP_INSTALL = YES;
				SWIFT_VERSION = 5.0;
				TARGETED_DEVICE_FAMILY = "1,2";
			};
			name = Release;
		};
/* End XCBuildConfiguration section */

/* Begin XCConfigurationList section */
		DA3F2D44233540C80039E23F /* Build configuration list for PBXProject "bluescapeShare" */ = {
			isa = XCConfigurationList;
			buildConfigurations = (
				DA3F2D59233540C80039E23F /* Debug */,
				DA3F2D5A233540C80039E23F /* Release */,
			);
			defaultConfigurationIsVisible = 0;
			defaultConfigurationName = Release;
		};
		DA3F2D5B233540C80039E23F /* Build configuration list for PBXNativeTarget "bluescapeShare" */ = {
			isa = XCConfigurationList;
			buildConfigurations = (
				DA3F2D5C233540C80039E23F /* Debug */,
				DA3F2D5D233540C80039E23F /* Release */,
			);
			defaultConfigurationIsVisible = 0;
			defaultConfigurationName = Release;
		};
		DA3F2D71233546EB0039E23F /* Build configuration list for PBXNativeTarget "bluescapeShareExtension" */ = {
			isa = XCConfigurationList;
			buildConfigurations = (
				DA3F2D72233546EB0039E23F /* Debug */,
				DA3F2D73233546EB0039E23F /* Release */,
			);
			defaultConfigurationIsVisible = 0;
			defaultConfigurationName = Release;
		};
/* End XCConfigurationList section */
	};
	rootObject = DA3F2D41233540C80039E23F /* Project object */;
}
